
Microsoft Visual Studio Solution File, Format Version 12.00
# Visual Studio 2013
VisualStudioVersion = 12.0.40629.0
MinimumVisualStudioVersion = 10.0.40219.1
Project("{FAE04EC0-301F-11D3-BF4B-00C04F79EFBC}") = "HackCompany.Data", "HackCompany.Data\HackCompany.Data.csproj", "{15CB1D08-5BEC-4FE0-A425-AD158E40DCDA}"
EndProject
Project("{FAE04EC0-301F-11D3-BF4B-00C04F79EFBC}") = "HackCompany.ConsoleApp", "HackCompany.ConsoleApp\HackCompany.ConsoleApp.csproj", "{FEFB316C-6BF8-4C6B-981D-6F1275E605D8}"
EndProject
Global
	GlobalSection(SolutionConfigurationPlatforms) = preSolution
		Debug|Any CPU = Debug|Any CPU
		Release|Any CPU = Release|Any CPU
	EndGlobalSection
	GlobalSection(ProjectConfigurationPlatforms) = postSolution
		{15CB1D08-5BEC-4FE0-A425-AD158E40DCDA}.Debug|Any CPU.ActiveCfg = Debug|Any CPU
		{15CB1D08-5BEC-4FE0-A425-AD158E40DCDA}.Debug|Any CPU.Build.0 = Debug|Any CPU
		{15CB1D08-5BEC-4FE0-A425-AD158E40DCDA}.Release|Any CPU.ActiveCfg = Release|Any CPU
		{15CB1D08-5BEC-4FE0-A425-AD158E40DCDA}.Release|Any CPU.Build.0 = Release|Any CPU
		{FEFB316C-6BF8-4C6B-981D-6F1275E605D8}.Debug|Any CPU.ActiveCfg = Debug|Any CPU
		{FEFB316C-6BF8-4C6B-981D-6F1275E605D8}.Debug|Any CPU.Build.0 = Debug|Any CPU
		{FEFB316C-6BF8-4C6B-981D-6F1275E605D8}.Release|Any CPU.ActiveCfg = Release|Any CPU
		{FEFB316C-6BF8-4C6B-981D-6F1275E605D8}.Release|Any CPU.Build.0 = Release|Any CPU
	EndGlobalSection
	GlobalSection(SolutionProperties) = preSolution
		HideSolutionNode = FALSE
	EndGlobalSection
EndGlobal
