
Microsoft Visual Studio Solution File, Format Version 12.00
# Visual Studio 2013
VisualStudioVersion = 12.0.40629.0
MinimumVisualStudioVersion = 10.0.40219.1
Project("{FAE04EC0-301F-11D3-BF4B-00C04F79EFBC}") = "ArrayExtensionProblem", "ArrayExtensionProblem\ArrayExtensionProblem.csproj", "{8E0D46DB-037F-4271-AF4B-057DB6E7C053}"
EndProject
Project("{FAE04EC0-301F-11D3-BF4B-00C04F79EFBC}") = "AnonymousTypesAndNestedClasses", "AnonymousTypesAndNestedClasses\AnonymousTypesAndNestedClasses.csproj", "{8A336F45-ECE6-417E-8938-0F61E2A18727}"
EndProject
Project("{FAE04EC0-301F-11D3-BF4B-00C04F79EFBC}") = "PartialClassesAndMethods", "PartialClassesAndMethods\PartialClassesAndMethods.csproj", "{F0EA8861-01E1-402A-81E4-7033C81A46F7}"
EndProject
Global
	GlobalSection(SolutionConfigurationPlatforms) = preSolution
		Debug|Any CPU = Debug|Any CPU
		Release|Any CPU = Release|Any CPU
	EndGlobalSection
	GlobalSection(ProjectConfigurationPlatforms) = postSolution
		{8E0D46DB-037F-4271-AF4B-057DB6E7C053}.Debug|Any CPU.ActiveCfg = Debug|Any CPU
		{8E0D46DB-037F-4271-AF4B-057DB6E7C053}.Debug|Any CPU.Build.0 = Debug|Any CPU
		{8E0D46DB-037F-4271-AF4B-057DB6E7C053}.Release|Any CPU.ActiveCfg = Release|Any CPU
		{8E0D46DB-037F-4271-AF4B-057DB6E7C053}.Release|Any CPU.Build.0 = Release|Any CPU
		{8A336F45-ECE6-417E-8938-0F61E2A18727}.Debug|Any CPU.ActiveCfg = Debug|Any CPU
		{8A336F45-ECE6-417E-8938-0F61E2A18727}.Debug|Any CPU.Build.0 = Debug|Any CPU
		{8A336F45-ECE6-417E-8938-0F61E2A18727}.Release|Any CPU.ActiveCfg = Release|Any CPU
		{8A336F45-ECE6-417E-8938-0F61E2A18727}.Release|Any CPU.Build.0 = Release|Any CPU
		{F0EA8861-01E1-402A-81E4-7033C81A46F7}.Debug|Any CPU.ActiveCfg = Debug|Any CPU
		{F0EA8861-01E1-402A-81E4-7033C81A46F7}.Debug|Any CPU.Build.0 = Debug|Any CPU
		{F0EA8861-01E1-402A-81E4-7033C81A46F7}.Release|Any CPU.ActiveCfg = Release|Any CPU
		{F0EA8861-01E1-402A-81E4-7033C81A46F7}.Release|Any CPU.Build.0 = Release|Any CPU
	EndGlobalSection
	GlobalSection(SolutionProperties) = preSolution
		HideSolutionNode = FALSE
	EndGlobalSection
EndGlobal
